
Microsoft Visual Studio Solution File, Format Version 12.00
# Visual Studio Version 16
VisualStudioVersion = 16.0.28729.10
MinimumVisualStudioVersion = 10.0.40219.1
Project("{2150E333-8FDC-42A3-9474-1A3956D46DE8}") = "src", "src", "{2C083558-8060-49B4-A389-4454D3BCD7CB}"
EndProject
Project("{9A19103F-16F7-4668-BE54-9A1E7A4F7556}") = "Zupa.Test.Booking", "src\Zupa.Test.Booking\Zupa.Test.Booking.csproj", "{51AB7B17-A6F6-47D0-9170-5C9DCD21E51F}"
EndProject
Project("{FAE04EC0-301F-11D3-BF4B-00C04F79EFBC}") = "Zupa.Booking.Tests", "Zupa.Booking.Tests\Zupa.Booking.Tests.csproj", "{02B65E8B-6C9D-4E34-9E35-D847AC89D61E}"
EndProject
Global
	GlobalSection(SolutionConfigurationPlatforms) = preSolution
		Debug|Any CPU = Debug|Any CPU
		Release|Any CPU = Release|Any CPU
	EndGlobalSection
	GlobalSection(ProjectConfigurationPlatforms) = postSolution
		{51AB7B17-A6F6-47D0-9170-5C9DCD21E51F}.Debug|Any CPU.ActiveCfg = Debug|Any CPU
		{51AB7B17-A6F6-47D0-9170-5C9DCD21E51F}.Debug|Any CPU.Build.0 = Debug|Any CPU
		{51AB7B17-A6F6-47D0-9170-5C9DCD21E51F}.Release|Any CPU.ActiveCfg = Release|Any CPU
		{51AB7B17-A6F6-47D0-9170-5C9DCD21E51F}.Release|Any CPU.Build.0 = Release|Any CPU
		{02B65E8B-6C9D-4E34-9E35-D847AC89D61E}.Debug|Any CPU.ActiveCfg = Debug|Any CPU
		{02B65E8B-6C9D-4E34-9E35-D847AC89D61E}.Debug|Any CPU.Build.0 = Debug|Any CPU
		{02B65E8B-6C9D-4E34-9E35-D847AC89D61E}.Release|Any CPU.ActiveCfg = Release|Any CPU
		{02B65E8B-6C9D-4E34-9E35-D847AC89D61E}.Release|Any CPU.Build.0 = Release|Any CPU
	EndGlobalSection
	GlobalSection(SolutionProperties) = preSolution
		HideSolutionNode = FALSE
	EndGlobalSection
	GlobalSection(NestedProjects) = preSolution
		{51AB7B17-A6F6-47D0-9170-5C9DCD21E51F} = {2C083558-8060-49B4-A389-4454D3BCD7CB}
		{02B65E8B-6C9D-4E34-9E35-D847AC89D61E} = {2C083558-8060-49B4-A389-4454D3BCD7CB}
	EndGlobalSection
	GlobalSection(ExtensibilityGlobals) = postSolution
		SolutionGuid = {28DDC9AC-3376-4E41-A905-E136D8FBE5BE}
	EndGlobalSection
EndGlobal
